# This file is automatically @generated by Cargo.
# It is not intended for manual editing.
version = 4

[[package]]
name = "anyhow"
version = "1.0.98"
source = "registry+https://github.com/rust-lang/crates.io-index"
checksum = "e16d2d3311acee920a9eb8d33b8cbc1787ce4a264e85f964c2404b969bdcd487"

[[package]]
name = "autocfg"
version = "1.4.0"
source = "registry+https://github.com/rust-lang/crates.io-index"
checksum = "ace50bade8e6234aa140d9a2f552bbee1db4d353f69b8217bc503490fc1a9f26"

[[package]]
name = "batonmon"
version = "0.1.0"
dependencies = [
 "anyhow",
 "ddc-hi",
 "evdev",
 "libnotify",
 "single-instance",
]

[[package]]
name = "bitflags"
version = "1.3.2"
source = "registry+https://github.com/rust-lang/crates.io-index"
checksum = "bef38d45163c2f1dde094a7dfd33ccf595c92905c8f8f4fdc18d06fb1037718a"

[[package]]
name = "bitflags"
version = "2.9.1"
source = "registry+https://github.com/rust-lang/crates.io-index"
checksum = "1b8e56985ec62d17e9c1001dc89c88ecd7dc08e47eba5ec7c29c7b5eeecde967"

[[package]]
name = "bitvec"
version = "1.0.1"
source = "registry+https://github.com/rust-lang/crates.io-index"
checksum = "1bc2832c24239b0141d5674bb9174f9d68a8b5b3f2753311927c172ca46f7e9c"
dependencies = [
 "funty",
 "radium",
 "tap",
 "wyz",
]

[[package]]
name = "byteorder"
version = "1.5.0"
source = "registry+https://github.com/rust-lang/crates.io-index"
checksum = "1fd0f2584146f6f2ef48085050886acf353beff7305ebd1ae69500e27c67f64b"

[[package]]
name = "cc"
version = "1.2.23"
source = "registry+https://github.com/rust-lang/crates.io-index"
checksum = "5f4ac86a9e5bc1e2b3449ab9d7d3a6a405e3d1bb28d7b9be8614f55846ae3766"
dependencies = [
 "shlex",
]

[[package]]
name = "cfg-if"
version = "1.0.0"
source = "registry+https://github.com/rust-lang/crates.io-index"
checksum = "baf1de4339761588bc0619e3cbc0120ee582ebb74b53b4efbf79117bd2da40fd"

[[package]]
name = "cfg_aliases"
version = "0.2.1"
source = "registry+https://github.com/rust-lang/crates.io-index"
checksum = "613afe47fcd5fac7ccf1db93babcb082c5994d996f20b8b159f2ad1658eb5724"

[[package]]
name = "core-foundation"
version = "0.10.0"
source = "registry+https://github.com/rust-lang/crates.io-index"
checksum = "b55271e5c8c478ad3f38ad24ef34923091e0548492a266d19b3c0b4d82574c63"
dependencies = [
 "core-foundation-sys",
 "libc",
]

[[package]]
name = "core-foundation-sys"
version = "0.8.7"
source = "registry+https://github.com/rust-lang/crates.io-index"
checksum = "773648b94d0e5d620f64f280777445740e61fe701025087ec8b57f45c791888b"

[[package]]
name = "core-graphics"
version = "0.24.0"
source = "registry+https://github.com/rust-lang/crates.io-index"
checksum = "fa95a34622365fa5bbf40b20b75dba8dfa8c94c734aea8ac9a5ca38af14316f1"
dependencies = [
 "bitflags 2.9.1",
 "core-foundation",
 "core-graphics-types",
 "foreign-types",
 "libc",
]

[[package]]
name = "core-graphics-types"
version = "0.2.0"
source = "registry+https://github.com/rust-lang/crates.io-index"
checksum = "3d44a101f213f6c4cdc1853d4b78aef6db6bdfa3468798cc1d9912f4735013eb"
dependencies = [
 "bitflags 2.9.1",
 "core-foundation",
 "libc",
]

[[package]]
name = "ddc"
version = "0.2.2"
source = "registry+https://github.com/rust-lang/crates.io-index"
checksum = "ba69f2c53e320fc4abad17cb02bbbf04d1a36f18e9907f347589ec5991b3c6c5"
dependencies = [
 "mccs",
]

[[package]]
name = "ddc-hi"
version = "0.4.1"
source = "registry+https://github.com/rust-lang/crates.io-index"
checksum = "9c6747b17c926a2aa34739b30f1a6cc726e3a7baf0e2f69a4c03a95cf5de94de"
dependencies = [
 "anyhow",
 "ddc",
 "ddc-i2c",
 "ddc-macos",
 "ddc-winapi",
 "edid",
 "log",
 "mccs",
 "mccs-caps",
 "mccs-db",
 "nvapi",
]

[[package]]
name = "ddc-i2c"
version = "0.2.2"
source = "registry+https://github.com/rust-lang/crates.io-index"
checksum = "1ef18fac9fd5c11d0c7b85a80887b01f7361b49edb2b4627243928b90ce2691b"
dependencies = [
 "ddc",
 "i2c",
 "i2c-linux",
 "resize-slice",
]

[[package]]
name = "ddc-macos"
version = "0.2.2"
source = "registry+https://github.com/rust-lang/crates.io-index"
checksum = "28aca22e30b33daf41a5d269a19b00588adf5242ed5525d3818195de17a534dc"
dependencies = [
 "core-foundation",
 "core-foundation-sys",
 "core-graphics",
 "ddc",
 "io-kit-sys",
 "mach2",
 "thiserror",
]

[[package]]
name = "ddc-winapi"
version = "0.2.2"
source = "registry+https://github.com/rust-lang/crates.io-index"
checksum = "5b65693556bdf54c77e0c82db4951686e4f030e7eb1c643d1bc781de2a4bce35"
dependencies = [
 "ddc",
 "widestring 1.2.0",
 "winapi",
]

[[package]]
name = "dtoa"
version = "0.4.8"
source = "registry+https://github.com/rust-lang/crates.io-index"
checksum = "56899898ce76aaf4a0f24d914c97ea6ed976d42fec6ad33fcbb0a1103e07b2b0"

[[package]]
name = "edid"
version = "0.3.0"
source = "registry+https://github.com/rust-lang/crates.io-index"
checksum = "24ce75530893d834dcfe3bb67ce0e7dec489484e7cb4423ca31618af4bab24fe"
dependencies = [
 "nom",
]

[[package]]
name = "evdev"
version = "0.13.1"
source = "registry+https://github.com/rust-lang/crates.io-index"
checksum = "a3c10865aeab1a7399b3c2d6046e8dcc7f5227b656f235ed63ef5ee45a47b8f8"
dependencies = [
 "bitvec",
 "cfg-if",
 "libc",
 "nix 0.29.0",
]

[[package]]
name = "foreign-types"
version = "0.5.0"
source = "registry+https://github.com/rust-lang/crates.io-index"
checksum = "d737d9aa519fb7b749cbc3b962edcf310a8dd1f4b67c91c4f83975dbdd17d965"
dependencies = [
 "foreign-types-macros",
 "foreign-types-shared",
]

[[package]]
name = "foreign-types-macros"
version = "0.2.3"
source = "registry+https://github.com/rust-lang/crates.io-index"
checksum = "1a5c6c585bc94aaf2c7b51dd4c2ba22680844aba4c687be581871a6f518c5742"
dependencies = [
 "proc-macro2",
 "quote",
 "syn",
]

[[package]]
name = "foreign-types-shared"
version = "0.3.1"
source = "registry+https://github.com/rust-lang/crates.io-index"
checksum = "aa9a19cbb55df58761df49b23516a86d432839add4af60fc256da840f66ed35b"

[[package]]
name = "funty"
version = "2.0.0"
source = "registry+https://github.com/rust-lang/crates.io-index"
checksum = "e6d5a32815ae3f33302d95fdcb2ce17862f8c65363dcfd29360480ba1001fc9c"

[[package]]
name = "gdk-pixbuf"
version = "0.3.0"
source = "registry+https://github.com/rust-lang/crates.io-index"
checksum = "16160d212ae91abe9f3324c3fb233929ba322dde63585d15cda3336f8c529ed1"
dependencies = [
 "gdk-pixbuf-sys",
 "glib",
 "glib-sys",
 "gobject-sys",
 "libc",
]

[[package]]
name = "gdk-pixbuf-sys"
version = "0.5.0"
source = "registry+https://github.com/rust-lang/crates.io-index"
checksum = "798f97101eea8180da363d0e80e07ec7ec6d1809306601c0100c1de5bc8b4f52"
dependencies = [
 "bitflags 1.3.2",
 "gio-sys",
 "glib-sys",
 "gobject-sys",
 "libc",
 "pkg-config",
]

[[package]]
name = "gio-sys"
version = "0.5.0"
source = "registry+https://github.com/rust-lang/crates.io-index"
checksum = "a303bbf7a5e75ab3b627117ff10e495d1b9e97e1d68966285ac2b1f6270091bc"
dependencies = [
 "bitflags 1.3.2",
 "glib-sys",
 "gobject-sys",
 "libc",
 "pkg-config",
]

[[package]]
name = "glib"
version = "0.4.1"
source = "registry+https://github.com/rust-lang/crates.io-index"
checksum = "b9b0452824cc63066940f01adc721804919f0b76cdba3cfab977b00b87f16d4a"
dependencies = [
 "bitflags 1.3.2",
 "glib-sys",
 "gobject-sys",
 "lazy_static",
 "libc",
]

[[package]]
name = "glib-sys"
version = "0.5.0"
source = "registry+https://github.com/rust-lang/crates.io-index"
checksum = "d9693049613ff52b93013cc3d2590366d8e530366d288438724b73f6c7dc4be8"
dependencies = [
 "bitflags 1.3.2",
 "libc",
 "pkg-config",
]

[[package]]
name = "gobject-sys"
version = "0.5.0"
source = "registry+https://github.com/rust-lang/crates.io-index"
checksum = "60d507c87a71b1143c66ed21a969be9b99a76df234b342d733e787e6c9c7d7c2"
dependencies = [
 "bitflags 1.3.2",
 "glib-sys",
 "libc",
 "pkg-config",
]

[[package]]
name = "i2c"
version = "0.1.0"
source = "registry+https://github.com/rust-lang/crates.io-index"
checksum = "60c7b7bdd7b3a985fdcf94a0d7d98e7a47fde8b7f22fb55ce1a91cc104a2ce9a"
dependencies = [
 "bitflags 1.3.2",
]

[[package]]
name = "i2c-linux"
version = "0.1.2"
source = "registry+https://github.com/rust-lang/crates.io-index"
checksum = "c0268a871aaa071221d6c2875ebedcf64710e59b0d87c68c8faf5e98b87dd2a4"
dependencies = [
 "bitflags 1.3.2",
 "i2c",
 "i2c-linux-sys",
 "resize-slice",
 "udev",
]

[[package]]
name = "i2c-linux-sys"
version = "0.2.1"
source = "registry+https://github.com/rust-lang/crates.io-index"
checksum = "55cd060ed0016621d3da4ed3a23b0158084de90d1f3a8e59f3d391aacd3bbcf8"
dependencies = [
 "bitflags 1.3.2",
 "byteorder",
 "libc",
]

[[package]]
name = "io-kit-sys"
version = "0.4.1"
source = "registry+https://github.com/rust-lang/crates.io-index"
checksum = "617ee6cf8e3f66f3b4ea67a4058564628cde41901316e19f559e14c7c72c5e7b"
dependencies = [
 "core-foundation-sys",
 "mach2",
]

[[package]]
name = "lazy_static"
version = "1.5.0"
source = "registry+https://github.com/rust-lang/crates.io-index"
checksum = "bbd2bcb4c963f2ddae06a2efc7e9f3591312473c50c6685e1f298068316e66fe"

[[package]]
name = "libc"
version = "0.2.172"
source = "registry+https://github.com/rust-lang/crates.io-index"
checksum = "d750af042f7ef4f724306de029d18836c26c1765a54a6a3f094cbd23a7267ffa"

[[package]]
name = "libnotify"
version = "1.0.3"
source = "registry+https://github.com/rust-lang/crates.io-index"
checksum = "10506a4f8bc6f8f7ccc6fde3a8290378d7aed3d1a26dca606a73e2ffe140cc2d"
dependencies = [
 "gdk-pixbuf",
 "gdk-pixbuf-sys",
 "glib",
 "glib-sys",
 "gobject-sys",
 "libnotify-sys",
]

[[package]]
name = "libnotify-sys"
version = "1.0.2"
source = "registry+https://github.com/rust-lang/crates.io-index"
checksum = "a0a716b9b7d24ed10f1eb431e1527fa13c9a4bf2d4fa68bb3e54da1d0747383c"
dependencies = [
 "bitflags 1.3.2",
 "gdk-pixbuf-sys",
 "glib-sys",
 "gobject-sys",
 "libc",
 "pkg-config",
]

[[package]]
name = "libudev-sys"
version = "0.1.4"
source = "registry+https://github.com/rust-lang/crates.io-index"
checksum = "3c8469b4a23b962c1396b9b451dda50ef5b283e8dd309d69033475fa9b334324"
dependencies = [
 "libc",
 "pkg-config",
]

[[package]]
name = "linked-hash-map"
version = "0.5.6"
source = "registry+https://github.com/rust-lang/crates.io-index"
checksum = "0717cef1bc8b636c6e1c1bbdefc09e6322da8a9321966e8928ef80d20f7f770f"

[[package]]
name = "log"
version = "0.4.27"
source = "registry+https://github.com/rust-lang/crates.io-index"
checksum = "13dc2df351e3202783a1fe0d44375f7295ffb4049267b0f3018346dc122a1d94"

[[package]]
name = "mach2"
version = "0.4.2"
source = "registry+https://github.com/rust-lang/crates.io-index"
checksum = "19b955cdeb2a02b9117f121ce63aa52d08ade45de53e48fe6a38b39c10f6f709"
dependencies = [
 "libc",
]

[[package]]
name = "mccs"
version = "0.1.3"
source = "registry+https://github.com/rust-lang/crates.io-index"
checksum = "6090d6b3ded42fed158b660a6b9cdaa1924f3eef6c6598e82a9ca9b70a1988cd"
dependencies = [
 "void",
]

[[package]]
name = "mccs-caps"
version = "0.1.3"
source = "registry+https://github.com/rust-lang/crates.io-index"
checksum = "8eb961d01a3bb07969cfa276be2ab88c31d0fefa77a872696832732d6e9ec094"
dependencies = [
 "mccs",
 "nom",
]

[[package]]
name = "mccs-db"
version = "0.1.3"
source = "registry+https://github.com/rust-lang/crates.io-index"
checksum = "3cdaa8fe19a1a1918becc1b8cbbbdc1058bc71411dff4de0a6ec6b5269f49d38"
dependencies = [
 "mccs",
 "nom",
 "serde",
 "serde_derive",
 "serde_yaml",
]

[[package]]
name = "memchr"
version = "1.0.2"
source = "registry+https://github.com/rust-lang/crates.io-index"
checksum = "148fab2e51b4f1cfc66da2a7c32981d1d3c083a803978268bb11fe4b86925e7a"
dependencies = [
 "libc",
]

[[package]]
name = "memoffset"
version = "0.6.5"
source = "registry+https://github.com/rust-lang/crates.io-index"
checksum = "5aa361d4faea93603064a027415f07bd8e1d5c88c9fbf68bf56a285428fd79ce"
dependencies = [
 "autocfg",
]

[[package]]
name = "nix"
version = "0.23.2"
source = "registry+https://github.com/rust-lang/crates.io-index"
checksum = "8f3790c00a0150112de0f4cd161e3d7fc4b2d8a5542ffc35f099a2562aecb35c"
dependencies = [
 "bitflags 1.3.2",
 "cc",
 "cfg-if",
 "libc",
 "memoffset",
]

[[package]]
name = "nix"
version = "0.29.0"
source = "registry+https://github.com/rust-lang/crates.io-index"
checksum = "71e2746dc3a24dd78b3cfcb7be93368c6de9963d30f43a6a73998a9cf4b17b46"
dependencies = [
 "bitflags 2.9.1",
 "cfg-if",
 "cfg_aliases",
 "libc",
]

[[package]]
name = "nom"
version = "3.2.1"
source = "registry+https://github.com/rust-lang/crates.io-index"
checksum = "05aec50c70fd288702bcd93284a8444607f3292dbdf2a30de5ea5dcdbe72287b"
dependencies = [
 "memchr",
]

[[package]]
name = "nvapi"
version = "0.1.4"
source = "registry+https://github.com/rust-lang/crates.io-index"
checksum = "7c63de8cd8362e2c38d1a48dea6ae68e6293a8d8d22a52180d0f8dcc779b3158"
dependencies = [
 "i2c",
 "log",
 "nvapi-sys",
 "void",
]

[[package]]
name = "nvapi-sys"
version = "0.1.3"
source = "registry+https://github.com/rust-lang/crates.io-index"
checksum = "b29e9a9393c69ee856bfcf5f76ed1ef32d2c0dd6f58558fd43334278fc1e7ea7"
dependencies = [
 "bitflags 1.3.2",
 "winapi",
]

[[package]]
name = "pkg-config"
version = "0.3.32"
source = "registry+https://github.com/rust-lang/crates.io-index"
checksum = "7edddbd0b52d732b21ad9a5fab5c704c14cd949e5e9a1ec5929a24fded1b904c"

[[package]]
name = "proc-macro2"
version = "1.0.95"
source = "registry+https://github.com/rust-lang/crates.io-index"
checksum = "02b3e5e68a3a1a02aad3ec490a98007cbc13c37cbe84a3cd7b8e406d76e7f778"
dependencies = [
 "unicode-ident",
]

[[package]]
name = "quote"
version = "1.0.40"
source = "registry+https://github.com/rust-lang/crates.io-index"
checksum = "1885c039570dc00dcb4ff087a89e185fd56bae234ddc7f056a945bf36467248d"
dependencies = [
 "proc-macro2",
]

[[package]]
name = "radium"
version = "0.7.0"
source = "registry+https://github.com/rust-lang/crates.io-index"
checksum = "dc33ff2d4973d518d823d61aa239014831e521c75da58e3df4840d3f47749d09"

[[package]]
name = "resize-slice"
version = "0.1.3"
source = "registry+https://github.com/rust-lang/crates.io-index"
checksum = "8a3cb2f74a9891e76958b9e0ccd269a25b466c3ae3bb3efd71db157248308c4a"
dependencies = [
 "uninitialized",
]

[[package]]
name = "serde"
version = "1.0.219"
source = "registry+https://github.com/rust-lang/crates.io-index"
checksum = "5f0e2c6ed6606019b4e29e69dbaba95b11854410e5347d525002456dbbb786b6"
dependencies = [
 "serde_derive",
]

[[package]]
name = "serde_derive"
version = "1.0.219"
source = "registry+https://github.com/rust-lang/crates.io-index"
checksum = "5b0276cf7f2c73365f7157c8123c21cd9a50fbbd844757af28ca1f5925fc2a00"
dependencies = [
 "proc-macro2",
 "quote",
 "syn",
]

[[package]]
name = "serde_yaml"
version = "0.7.5"
source = "registry+https://github.com/rust-lang/crates.io-index"
checksum = "ef8099d3df28273c99a1728190c7a9f19d444c941044f64adf986bee7ec53051"
dependencies = [
 "dtoa",
 "linked-hash-map",
 "serde",
 "yaml-rust",
]

[[package]]
name = "shlex"
version = "1.3.0"
source = "registry+https://github.com/rust-lang/crates.io-index"
checksum = "0fda2ff0d084019ba4d7c6f371c95d8fd75ce3524c3cb8fb653a3023f6323e64"

[[package]]
name = "single-instance"
version = "0.3.3"
source = "registry+https://github.com/rust-lang/crates.io-index"
checksum = "4637485391f8545c9d3dbf60f9d9aab27a90c789a700999677583bcb17c8795d"
dependencies = [
 "libc",
 "nix 0.23.2",
 "thiserror",
 "widestring 0.4.3",
 "winapi",
]

[[package]]
name = "syn"
version = "2.0.101"
source = "registry+https://github.com/rust-lang/crates.io-index"
checksum = "8ce2b7fc941b3a24138a0a7cf8e858bfc6a992e7978a068a5c760deb0ed43caf"
dependencies = [
 "proc-macro2",
 "quote",
 "unicode-ident",
]

[[package]]
name = "tap"
version = "1.0.1"
source = "registry+https://github.com/rust-lang/crates.io-index"
checksum = "55937e1799185b12863d447f42597ed69d9928686b8d88a1df17376a097d8369"

[[package]]
name = "thiserror"
version = "1.0.69"
source = "registry+https://github.com/rust-lang/crates.io-index"
checksum = "b6aaf5339b578ea85b50e080feb250a3e8ae8cfcdff9a461c9ec2904bc923f52"
dependencies = [
 "thiserror-impl",
]

[[package]]
name = "thiserror-impl"
version = "1.0.69"
source = "registry+https://github.com/rust-lang/crates.io-index"
checksum = "4fee6c4efc90059e10f81e6d42c60a18f76588c3d74cb83a0b242a2b6c7504c1"
dependencies = [
 "proc-macro2",
 "quote",
 "syn",
]

[[package]]
name = "udev"
version = "0.2.0"
source = "registry+https://github.com/rust-lang/crates.io-index"
checksum = "47504d1a49b2ea1b133e7ddd1d9f0a83cf03feb9b440c2c470d06db4589cf301"
dependencies = [
 "libc",
 "libudev-sys",
]

[[package]]
name = "unicode-ident"
version = "1.0.18"
source = "registry+https://github.com/rust-lang/crates.io-index"
checksum = "5a5f39404a5da50712a4c1eecf25e90dd62b613502b7e925fd4e4d19b5c96512"

[[package]]
name = "uninitialized"
version = "0.0.2"
source = "registry+https://github.com/rust-lang/crates.io-index"
checksum = "74c1aa4511c38276c548406f0b1f5f8b793f000cfb51e18f278a102abd057e81"

[[package]]
name = "void"
version = "1.0.2"
source = "registry+https://github.com/rust-lang/crates.io-index"
checksum = "6a02e4885ed3bc0f2de90ea6dd45ebcbb66dacffe03547fadbb0eeae2770887d"

[[package]]
name = "widestring"
version = "0.4.3"
source = "registry+https://github.com/rust-lang/crates.io-index"
checksum = "c168940144dd21fd8046987c16a46a33d5fc84eec29ef9dcddc2ac9e31526b7c"

[[package]]
name = "widestring"
version = "1.2.0"
source = "registry+https://github.com/rust-lang/crates.io-index"
checksum = "dd7cf3379ca1aac9eea11fba24fd7e315d621f8dfe35c8d7d2be8b793726e07d"

[[package]]
name = "winapi"
version = "0.3.9"
source = "registry+https://github.com/rust-lang/crates.io-index"
checksum = "5c839a674fcd7a98952e593242ea400abe93992746761e38641405d28b00f419"
dependencies = [
 "winapi-i686-pc-windows-gnu",
 "winapi-x86_64-pc-windows-gnu",
]

[[package]]
name = "winapi-i686-pc-windows-gnu"
version = "0.4.0"
source = "registry+https://github.com/rust-lang/crates.io-index"
checksum = "ac3b87c63620426dd9b991e5ce0329eff545bccbbb34f3be09ff6fb6ab51b7b6"

[[package]]
name = "winapi-x86_64-pc-windows-gnu"
version = "0.4.0"
source = "registry+https://github.com/rust-lang/crates.io-index"
checksum = "712e227841d057c1ee1cd2fb22fa7e5a5461ae8e48fa2ca79ec42cfc1931183f"

[[package]]
name = "wyz"
version = "0.5.1"
source = "registry+https://github.com/rust-lang/crates.io-index"
checksum = "05f360fc0b24296329c78fda852a1e9ae82de9cf7b27dae4b7f62f118f77b9ed"
dependencies = [
 "tap",
]

[[package]]
name = "yaml-rust"
version = "0.4.5"
source = "registry+https://github.com/rust-lang/crates.io-index"
checksum = "56c1936c4cc7a1c9ab21a1ebb602eb942ba868cbd44a99cb7cdc5892335e1c85"
dependencies = [
 "linked-hash-map",
]
